
Microsoft Visual Studio Solution File, Format Version 12.00
# Visual Studio 15
VisualStudioVersion = 15.0.28307.168
MinimumVisualStudioVersion = 10.0.40219.1
Project("{FAE04EC0-301F-11D3-BF4B-00C04F79EFBC}") = "TravelPractice.Client", "TravelPractice.Client\TravelPractice.Client.csproj", "{5A78B09E-2F1B-4A57-912D-93A7689043C3}"
EndProject
Global
	GlobalSection(SolutionConfigurationPlatforms) = preSolution
		Debug|Any CPU = Debug|Any CPU
		Release|Any CPU = Release|Any CPU
	EndGlobalSection
	GlobalSection(ProjectConfigurationPlatforms) = postSolution
		{5A78B09E-2F1B-4A57-912D-93A7689043C3}.Debug|Any CPU.ActiveCfg = Debug|Any CPU
		{5A78B09E-2F1B-4A57-912D-93A7689043C3}.Debug|Any CPU.Build.0 = Debug|Any CPU
		{5A78B09E-2F1B-4A57-912D-93A7689043C3}.Release|Any CPU.ActiveCfg = Release|Any CPU
		{5A78B09E-2F1B-4A57-912D-93A7689043C3}.Release|Any CPU.Build.0 = Release|Any CPU
	EndGlobalSection
	GlobalSection(SolutionProperties) = preSolution
		HideSolutionNode = FALSE
	EndGlobalSection
	GlobalSection(ExtensibilityGlobals) = postSolution
		SolutionGuid = {E6D48A46-2804-4C88-A430-8A203E3D5417}
	EndGlobalSection
EndGlobal
